
Microsoft Visual Studio Solution File, Format Version 12.00
# Visual Studio 2012
Project("{FAE04EC0-301F-11D3-BF4B-00C04F79EFBC}") = "Spark", "Spark\Spark.csproj", "{0BEE1629-0359-41BF-AF17-B2E34F2ABD3B}"
EndProject
Global
	GlobalSection(SolutionConfigurationPlatforms) = preSolution
		Debug|Any CPU = Debug|Any CPU
		Release|Any CPU = Release|Any CPU
	EndGlobalSection
	GlobalSection(ProjectConfigurationPlatforms) = postSolution
		{0BEE1629-0359-41BF-AF17-B2E34F2ABD3B}.Debug|Any CPU.ActiveCfg = Debug|Any CPU
		{0BEE1629-0359-41BF-AF17-B2E34F2ABD3B}.Debug|Any CPU.Build.0 = Debug|Any CPU
		{0BEE1629-0359-41BF-AF17-B2E34F2ABD3B}.Release|Any CPU.ActiveCfg = Release|Any CPU
		{0BEE1629-0359-41BF-AF17-B2E34F2ABD3B}.Release|Any CPU.Build.0 = Release|Any CPU
	EndGlobalSection
	GlobalSection(SolutionProperties) = preSolution
		HideSolutionNode = FALSE
	EndGlobalSection
EndGlobal
